# THIS IS AN AUTOGENERATED FILE. DO NOT EDIT THIS FILE DIRECTLY.
# yarn lockfile v1


three.ar.js@google-ar/three.ar.js:
  version "0.1.4"
  resolved "https://codeload.github.com/google-ar/three.ar.js/tar.gz/6d69bb495a5c604da6c8529498af14dea994cb6b"

three@^0.87.1:
  version "0.87.1"
  resolved "https://registry.yarnpkg.com/three/-/three-0.87.1.tgz#466a34edc4543459ced9b9d7d276b65216fe2ba8"
